
Microsoft Visual Studio Solution File, Format Version 12.00
# Visual Studio Version 17
VisualStudioVersion = 17.0.31903.59
MinimumVisualStudioVersion = 10.0.40219.1
Project("{2150E333-8FDC-42A3-9474-1A3956D46DE8}") = "src", "src", "{51E0AC57-54A5-4FDD-A041-39DF2E5B2803}"
EndProject
Project("{FAE04EC0-301F-11D3-BF4B-00C04F79EFBC}") = "OMClientAgent", "src\OMClientAgent\OMClientAgent.csproj", "{FA21B0B0-B0D0-43C2-8536-D9506A30ACE8}"
EndProject
Global
	GlobalSection(SolutionConfigurationPlatforms) = preSolution
		Debug|Any CPU = Debug|Any CPU
		Release|Any CPU = Release|Any CPU
	EndGlobalSection
	GlobalSection(SolutionProperties) = preSolution
		HideSolutionNode = FALSE
	EndGlobalSection
	GlobalSection(ProjectConfigurationPlatforms) = postSolution
		{FA21B0B0-B0D0-43C2-8536-D9506A30ACE8}.Debug|Any CPU.ActiveCfg = Debug|Any CPU
		{FA21B0B0-B0D0-43C2-8536-D9506A30ACE8}.Debug|Any CPU.Build.0 = Debug|Any CPU
		{FA21B0B0-B0D0-43C2-8536-D9506A30ACE8}.Release|Any CPU.ActiveCfg = Release|Any CPU
		{FA21B0B0-B0D0-43C2-8536-D9506A30ACE8}.Release|Any CPU.Build.0 = Release|Any CPU
	EndGlobalSection
	GlobalSection(NestedProjects) = preSolution
		{FA21B0B0-B0D0-43C2-8536-D9506A30ACE8} = {51E0AC57-54A5-4FDD-A041-39DF2E5B2803}
	EndGlobalSection
EndGlobal
